// !$*UTF8*$!
{
	archiveVersion = 1;
	classes = {
	};
	objectVersion = 46;
	objects = {

/* Begin PBXBuildFile section */
		9FCEA0981CED68DB00DD4B0C /* AppDelegate.swift in Sources */ = {isa = PBXBuildFile; fileRef = 9FCEA0971CED68DB00DD4B0C /* AppDelegate.swift */; };
		9FCEA09D1CED68DB00DD4B0C /* Main.storyboard in Resources */ = {isa = PBXBuildFile; fileRef = 9FCEA09B1CED68DB00DD4B0C /* Main.storyboard */; };
		9FCEA09F1CED68DB00DD4B0C /* Assets.xcassets in Resources */ = {isa = PBXBuildFile; fileRef = 9FCEA09E1CED68DB00DD4B0C /* Assets.xcassets */; };
		9FCEA0A21CED68DB00DD4B0C /* LaunchScreen.storyboard in Resources */ = {isa = PBXBuildFile; fileRef = 9FCEA0A01CED68DB00DD4B0C /* LaunchScreen.storyboard */; };
		9FF845C91CFFD7BD00783FC6 /* GroceryTableVC.swift in Sources */ = {isa = PBXBuildFile; fileRef = 9FF845C81CFFD7BD00783FC6 /* GroceryTableVC.swift */; };
		9FF845CB1CFFDCE300783FC6 /* AddGroceryVC.swift in Sources */ = {isa = PBXBuildFile; fileRef = 9FF845CA1CFFDCE300783FC6 /* AddGroceryVC.swift */; };
		9FF845CD1CFFDD7D00783FC6 /* EditGroceryVC.swift in Sources */ = {isa = PBXBuildFile; fileRef = 9FF845CC1CFFDD7D00783FC6 /* EditGroceryVC.swift */; };
/* End PBXBuildFile section */

/* Begin PBXFileReference section */
		9FCEA0941CED68DB00DD4B0C /* groceryListings.app */ = {isa = PBXFileReference; explicitFileType = wrapper.application; includeInIndex = 0; path = groceryListings.app; sourceTree = BUILT_PRODUCTS_DIR; };
		9FCEA0971CED68DB00DD4B0C /* AppDelegate.swift */ = {isa = PBXFileReference; lastKnownFileType = sourcecode.swift; path = AppDelegate.swift; sourceTree = "<group>"; };
		9FCEA09C1CED68DB00DD4B0C /* Base */ = {isa = PBXFileReference; lastKnownFileType = file.storyboard; name = Base; path = Base.lproj/Main.storyboard; sourceTree = "<group>"; };
		9FCEA09E1CED68DB00DD4B0C /* Assets.xcassets */ = {isa = PBXFileReference; lastKnownFileType = folder.assetcatalog; path = Assets.xcassets; sourceTree = "<group>"; };
		9FCEA0A11CED68DB00DD4B0C /* Base */ = {isa = PBXFileReference; lastKnownFileType = file.storyboard; name = Base; path = Base.lproj/LaunchScreen.storyboard; sourceTree = "<group>"; };
		9FCEA0A31CED68DB00DD4B0C /* Info.plist */ = {isa = PBXFileReference; lastKnownFileType = text.plist.xml; path = Info.plist; sourceTree = "<group>"; };
		9FF845C81CFFD7BD00783FC6 /* GroceryTableVC.swift */ = {isa = PBXFileReference; fileEncoding = 4; lastKnownFileType = sourcecode.swift; path = GroceryTableVC.swift; sourceTree = "<group>"; };
		9FF845CA1CFFDCE300783FC6 /* AddGroceryVC.swift */ = {isa = PBXFileReference; fileEncoding = 4; lastKnownFileType = sourcecode.swift; name = AddGroceryVC.swift; path = ../AddGroceryVC.swift; sourceTree = "<group>"; };
		9FF845CC1CFFDD7D00783FC6 /* EditGroceryVC.swift */ = {isa = PBXFileReference; fileEncoding = 4; lastKnownFileType = sourcecode.swift; path = EditGroceryVC.swift; sourceTree = "<group>"; };
/* End PBXFileReference section */

/* Begin PBXFrameworksBuildPhase section */
		9FCEA0911CED68DB00DD4B0C /* Frameworks */ = {
			isa = PBXFrameworksBuildPhase;
			buildActionMask = 2147483647;
			files = (
			);
			runOnlyForDeploymentPostprocessing = 0;
		};
/* End PBXFrameworksBuildPhase section */

/* Begin PBXGroup section */
		9FCEA08B1CED68DB00DD4B0C = {
			isa = PBXGroup;
			children = (
				9FCEA0961CED68DB00DD4B0C /* groceryListings */,
				9FCEA0951CED68DB00DD4B0C /* Products */,
			);
			sourceTree = "<group>";
		};
		9FCEA0951CED68DB00DD4B0C /* Products */ = {
			isa = PBXGroup;
			children = (
				9FCEA0941CED68DB00DD4B0C /* groceryListings.app */,
			);
			name = Products;
			sourceTree = "<group>";
		};
		9FCEA0961CED68DB00DD4B0C /* groceryListings */ = {
			isa = PBXGroup;
			children = (
				9FCEA0971CED68DB00DD4B0C /* AppDelegate.swift */,
				9FF845CA1CFFDCE300783FC6 /* AddGroceryVC.swift */,
				9FCEA09B1CED68DB00DD4B0C /* Main.storyboard */,
				9FF845CC1CFFDD7D00783FC6 /* EditGroceryVC.swift */,
				9FF845C81CFFD7BD00783FC6 /* GroceryTableVC.swift */,
				9FCEA09E1CED68DB00DD4B0C /* Assets.xcassets */,
				9FCEA0A01CED68DB00DD4B0C /* LaunchScreen.storyboard */,
				9FCEA0A31CED68DB00DD4B0C /* Info.plist */,
			);
			path = groceryListings;
			sourceTree = "<group>";
		};
/* End PBXGroup section */

/* Begin PBXNativeTarget section */
		9FCEA0931CED68DB00DD4B0C /* groceryListings */ = {
			isa = PBXNativeTarget;
			buildConfigurationList = 9FCEA0A61CED68DB00DD4B0C /* Build configuration list for PBXNativeTarget "groceryListings" */;
			buildPhases = (
				9FCEA0901CED68DB00DD4B0C /* Sources */,
				9FCEA0911CED68DB00DD4B0C /* Frameworks */,
				9FCEA0921CED68DB00DD4B0C /* Resources */,
			);
			buildRules = (
			);
			dependencies = (
			);
			name = groceryListings;
			productName = groceryListings;
			productReference = 9FCEA0941CED68DB00DD4B0C /* groceryListings.app */;
			productType = "com.apple.product-type.application";
		};
/* End PBXNativeTarget section */

/* Begin PBXProject section */
		9FCEA08C1CED68DB00DD4B0C /* Project object */ = {
			isa = PBXProject;
			attributes = {
				LastSwiftUpdateCheck = 0730;
				LastUpgradeCheck = 0730;
				ORGANIZATIONNAME = "Cedar Mora";
				TargetAttributes = {
					9FCEA0931CED68DB00DD4B0C = {
						CreatedOnToolsVersion = 7.3.1;
					};
				};
			};
			buildConfigurationList = 9FCEA08F1CED68DB00DD4B0C /* Build configuration list for PBXProject "groceryListings" */;
			compatibilityVersion = "Xcode 3.2";
			developmentRegion = English;
			hasScannedForEncodings = 0;
			knownRegions = (
				en,
				Base,
			);
			mainGroup = 9FCEA08B1CED68DB00DD4B0C;
			productRefGroup = 9FCEA0951CED68DB00DD4B0C /* Products */;
			projectDirPath = "";
			projectRoot = "";
			targets = (
				9FCEA0931CED68DB00DD4B0C /* groceryListings */,
			);
		};
/* End PBXProject section */

/* Begin PBXResourcesBuildPhase section */
		9FCEA0921CED68DB00DD4B0C /* Resources */ = {
			isa = PBXResourcesBuildPhase;
			buildActionMask = 2147483647;
			files = (
				9FCEA0A21CED68DB00DD4B0C /* LaunchScreen.storyboard in Resources */,
				9FCEA09F1CED68DB00DD4B0C /* Assets.xcassets in Resources */,
				9FCEA09D1CED68DB00DD4B0C /* Main.storyboard in Resources */,
			);
			runOnlyForDeploymentPostprocessing = 0;
		};
/* End PBXResourcesBuildPhase section */

/* Begin PBXSourcesBuildPhase section */
		9FCEA0901CED68DB00DD4B0C /* Sources */ = {
			isa = PBXSourcesBuildPhase;
			buildActionMask = 2147483647;
			files = (
				9FF845CB1CFFDCE300783FC6 /* AddGroceryVC.swift in Sources */,
				9FCEA0981CED68DB00DD4B0C /* AppDelegate.swift in Sources */,
				9FF845CD1CFFDD7D00783FC6 /* EditGroceryVC.swift in Sources */,
				9FF845C91CFFD7BD00783FC6 /* GroceryTableVC.swift in Sources */,
			);
			runOnlyForDeploymentPostprocessing = 0;
		};
/* End PBXSourcesBuildPhase section */

/* Begin PBXVariantGroup section */
		9FCEA09B1CED68DB00DD4B0C /* Main.storyboard */ = {
			isa = PBXVariantGroup;
			children = (
				9FCEA09C1CED68DB00DD4B0C /* Base */,
			);
			name = Main.storyboard;
			sourceTree = "<group>";
		};
		9FCEA0A01CED68DB00DD4B0C /* LaunchScreen.storyboard */ = {
			isa = PBXVariantGroup;
			children = (
				9FCEA0A11CED68DB00DD4B0C /* Base */,
			);
			name = LaunchScreen.storyboard;
			sourceTree = "<group>";
		};
/* End PBXVariantGroup section */

/* Begin XCBuildConfiguration section */
		9FCEA0A41CED68DB00DD4B0C /* Debug */ = {
			isa = XCBuildConfiguration;
			buildSettings = {
				ALWAYS_SEARCH_USER_PATHS = NO;
				CLANG_ANALYZER_NONNULL = YES;
				CLANG_CXX_LANGUAGE_STANDARD = "gnu++0x";
				CLANG_CXX_LIBRARY = "libc++";
				CLANG_ENABLE_MODULES = YES;
				CLANG_ENABLE_OBJC_ARC = YES;
				CLANG_WARN_BOOL_CONVERSION = YES;
				CLANG_WARN_CONSTANT_CONVERSION = YES;
				CLANG_WARN_DIRECT_OBJC_ISA_USAGE = YES_ERROR;
				CLANG_WARN_EMPTY_BODY = YES;
				CLANG_WARN_ENUM_CONVERSION = YES;
				CLANG_WARN_INT_CONVERSION = YES;
				CLANG_WARN_OBJC_ROOT_CLASS = YES_ERROR;
				CLANG_WARN_UNREACHABLE_CODE = YES;
				CLANG_WARN__DUPLICATE_METHOD_MATCH = YES;
				"CODE_SIGN_IDENTITY[sdk=iphoneos*]" = "iPhone Developer";
				COPY_PHASE_STRIP = NO;
				DEBUG_INFORMATION_FORMAT = dwarf;
				ENABLE_STRICT_OBJC_MSGSEND = YES;
				ENABLE_TESTABILITY = YES;
				GCC_C_LANGUAGE_STANDARD = gnu99;
				GCC_DYNAMIC_NO_PIC = NO;
				GCC_NO_COMMON_BLOCKS = YES;
				GCC_OPTIMIZATION_LEVEL = 0;
				GCC_PREPROCESSOR_DEFINITIONS = (
					"DEBUG=1",
					"$(inherited)",
				);
				GCC_WARN_64_TO_32_BIT_CONVERSION = YES;
				GCC_WARN_ABOUT_RETURN_TYPE = YES_ERROR;
				GCC_WARN_UNDECLARED_SELECTOR = YES;
				GCC_WARN_UNINITIALIZED_AUTOS = YES_AGGRESSIVE;
				GCC_WARN_UNUSED_FUNCTION = YES;
				GCC_WARN_UNUSED_VARIABLE = YES;
				IPHONEOS_DEPLOYMENT_TARGET = 9.3;
				MTL_ENABLE_DEBUG_INFO = YES;
				ONLY_ACTIVE_ARCH = YES;
				SDKROOT = iphoneos;
				SWIFT_OPTIMIZATION_LEVEL = "-Onone";
			};
			name = Debug;
		};
		9FCEA0A51CED68DB00DD4B0C /* Release */ = {
			isa = XCBuildConfiguration;
			buildSettings = {
				ALWAYS_SEARCH_USER_PATHS = NO;
				CLANG_ANALYZER_NONNULL = YES;
				CLANG_CXX_LANGUAGE_STANDARD = "gnu++0x";
				CLANG_CXX_LIBRARY = "libc++";
				CLANG_ENABLE_MODULES = YES;
				CLANG_ENABLE_OBJC_ARC = YES;
				CLANG_WARN_BOOL_CONVERSION = YES;
				CLANG_WARN_CONSTANT_CONVERSION = YES;
				CLANG_WARN_DIRECT_OBJC_ISA_USAGE = YES_ERROR;
				CLANG_WARN_EMPTY_BODY = YES;
				CLANG_WARN_ENUM_CONVERSION = YES;
				CLANG_WARN_INT_CONVERSION = YES;
				CLANG_WARN_OBJC_ROOT_CLASS = YES_ERROR;
				CLANG_WARN_UNREACHABLE_CODE = YES;
				CLANG_WARN__DUPLICATE_METHOD_MATCH = YES;
				"CODE_SIGN_IDENTITY[sdk=iphoneos*]" = "iPhone Developer";
				COPY_PHASE_STRIP = NO;
				DEBUG_INFORMATION_FORMAT = "dwarf-with-dsym";
				ENABLE_NS_ASSERTIONS = NO;
				ENABLE_STRICT_OBJC_MSGSEND = YES;
				GCC_C_LANGUAGE_STANDARD = gnu99;
				GCC_NO_COMMON_BLOCKS = YES;
				GCC_WARN_64_TO_32_BIT_CONVERSION = YES;
				GCC_WARN_ABOUT_RETURN_TYPE = YES_ERROR;
				GCC_WARN_UNDECLARED_SELECTOR = YES;
				GCC_WARN_UNINITIALIZED_AUTOS = YES_AGGRESSIVE;
				GCC_WARN_UNUSED_FUNCTION = YES;
				GCC_WARN_UNUSED_VARIABLE = YES;
				IPHONEOS_DEPLOYMENT_TARGET = 9.3;
				MTL_ENABLE_DEBUG_INFO = NO;
				SDKROOT = iphoneos;
				VALIDATE_PRODUCT = YES;
			};
			name = Release;
		};
		9FCEA0A71CED68DB00DD4B0C /* Debug */ = {
			isa = XCBuildConfiguration;
			buildSettings = {
				ASSETCATALOG_COMPILER_APPICON_NAME = AppIcon;
				INFOPLIST_FILE = groceryListings/Info.plist;
				LD_RUNPATH_SEARCH_PATHS = "$(inherited) @executable_path/Frameworks";
				PRODUCT_BUNDLE_IDENTIFIER = asdfk.sadfjkl..groceryListings;
				PRODUCT_NAME = "$(TARGET_NAME)";
			};
			name = Debug;
		};
		9FCEA0A81CED68DB00DD4B0C /* Release */ = {
			isa = XCBuildConfiguration;
			buildSettings = {
				ASSETCATALOG_COMPILER_APPICON_NAME = AppIcon;
				INFOPLIST_FILE = groceryListings/Info.plist;
				LD_RUNPATH_SEARCH_PATHS = "$(inherited) @executable_path/Frameworks";
				PRODUCT_BUNDLE_IDENTIFIER = asdfk.sadfjkl..groceryListings;
				PRODUCT_NAME = "$(TARGET_NAME)";
			};
			name = Release;
		};
/* End XCBuildConfiguration section */

/* Begin XCConfigurationList section */
		9FCEA08F1CED68DB00DD4B0C /* Build configuration list for PBXProject "groceryListings" */ = {
			isa = XCConfigurationList;
			buildConfigurations = (
				9FCEA0A41CED68DB00DD4B0C /* Debug */,
				9FCEA0A51CED68DB00DD4B0C /* Release */,
			);
			defaultConfigurationIsVisible = 0;
			defaultConfigurationName = Release;
		};
		9FCEA0A61CED68DB00DD4B0C /* Build configuration list for PBXNativeTarget "groceryListings" */ = {
			isa = XCConfigurationList;
			buildConfigurations = (
				9FCEA0A71CED68DB00DD4B0C /* Debug */,
				9FCEA0A81CED68DB00DD4B0C /* Release */,
			);
			defaultConfigurationIsVisible = 0;
			defaultConfigurationName = Release;
		};
/* End XCConfigurationList section */
	};
	rootObject = 9FCEA08C1CED68DB00DD4B0C /* Project object */;
}
